
Microsoft Visual Studio Solution File, Format Version 12.00
# Visual Studio 15
VisualStudioVersion = 15.0.27428.2043
MinimumVisualStudioVersion = 10.0.40219.1
Project("{FAE04EC0-301F-11D3-BF4B-00C04F79EFBC}") = "SolidDna.WpfAddIn", "SolidDna.WpfAddIn.csproj", "{73B94EE6-BC16-49B2-824D-4C4E114859AC}"
EndProject
Project("{9A19103F-16F7-4668-BE54-9A1E7A4F7556}") = "AngelSix.SolidDna", "..\..\..\SolidDna\AngelSix.SolidDna\AngelSix.SolidDna.csproj", "{6077A4A8-AB1E-45C2-A70A-A55EB3C9F1D8}"
EndProject
Global
	GlobalSection(SolutionConfigurationPlatforms) = preSolution
		Debug|Any CPU = Debug|Any CPU
		Release|Any CPU = Release|Any CPU
	EndGlobalSection
	GlobalSection(ProjectConfigurationPlatforms) = postSolution
		{73B94EE6-BC16-49B2-824D-4C4E114859AC}.Debug|Any CPU.ActiveCfg = Debug|Any CPU
		{73B94EE6-BC16-49B2-824D-4C4E114859AC}.Debug|Any CPU.Build.0 = Debug|Any CPU
		{73B94EE6-BC16-49B2-824D-4C4E114859AC}.Release|Any CPU.ActiveCfg = Release|Any CPU
		{73B94EE6-BC16-49B2-824D-4C4E114859AC}.Release|Any CPU.Build.0 = Release|Any CPU
		{6077A4A8-AB1E-45C2-A70A-A55EB3C9F1D8}.Debug|Any CPU.ActiveCfg = Debug|Any CPU
		{6077A4A8-AB1E-45C2-A70A-A55EB3C9F1D8}.Debug|Any CPU.Build.0 = Debug|Any CPU
		{6077A4A8-AB1E-45C2-A70A-A55EB3C9F1D8}.Release|Any CPU.ActiveCfg = Release|Any CPU
		{6077A4A8-AB1E-45C2-A70A-A55EB3C9F1D8}.Release|Any CPU.Build.0 = Release|Any CPU
	EndGlobalSection
	GlobalSection(SolutionProperties) = preSolution
		HideSolutionNode = FALSE
	EndGlobalSection
	GlobalSection(ExtensibilityGlobals) = postSolution
		SolutionGuid = {54F79593-85C9-4843-8CE3-8A167E4E4D7E}
	EndGlobalSection
EndGlobal
