
Microsoft Visual Studio Solution File, Format Version 12.00
# Visual Studio 15
VisualStudioVersion = 15.0.27428.2043
MinimumVisualStudioVersion = 10.0.40219.1
Project("{FAE04EC0-301F-11D3-BF4B-00C04F79EFBC}") = "SolidDNA.WPF.Blank", "SolidDNA.WPF.Blank\SolidDNA.WPF.Blank.csproj", "{19BCBD7C-1518-4180-B118-7DF731D40E5C}"
EndProject
Global
	GlobalSection(SolutionConfigurationPlatforms) = preSolution
		Debug|Any CPU = Debug|Any CPU
		Release|Any CPU = Release|Any CPU
	EndGlobalSection
	GlobalSection(ProjectConfigurationPlatforms) = postSolution
		{19BCBD7C-1518-4180-B118-7DF731D40E5C}.Debug|Any CPU.ActiveCfg = Debug|Any CPU
		{19BCBD7C-1518-4180-B118-7DF731D40E5C}.Debug|Any CPU.Build.0 = Debug|Any CPU
		{19BCBD7C-1518-4180-B118-7DF731D40E5C}.Release|Any CPU.ActiveCfg = Release|Any CPU
		{19BCBD7C-1518-4180-B118-7DF731D40E5C}.Release|Any CPU.Build.0 = Release|Any CPU
	EndGlobalSection
	GlobalSection(SolutionProperties) = preSolution
		HideSolutionNode = FALSE
	EndGlobalSection
	GlobalSection(ExtensibilityGlobals) = postSolution
		SolutionGuid = {40936C4B-EC6C-4317-9E52-8A68096688EF}
	EndGlobalSection
EndGlobal
